{
  "name": "Node_app",
  "lockfileVersion": 2,
  "requires": true,
  "packages": {
    "": {
      "dependencies": {
        "move-file": "^3.0.0"
      }
    },
    "node_modules/move-file": {
      "version": "3.0.0",
      "resolved": "https://registry.npmjs.org/move-file/-/move-file-3.0.0.tgz",
      "integrity": "sha512-v6u4XjX3MFW6Jo1V/YfbhC7eiGSgvYPJ/NM+aGtTtB9/Y6IYj7YViaHu6dkgDsZFB7MbnAoSI5+Z26XZXnP0vg==",
      "dependencies": {
        "path-exists": "^5.0.0"
      },
      "engines": {
        "node": "^12.20.0 || ^14.13.1 || >=16.0.0"
      },
      "funding": {
        "url": "https://github.com/sponsors/sindresorhus"
      }
    },
    "node_modules/path-exists": {
      "version": "5.0.0",
      "resolved": "https://registry.npmjs.org/path-exists/-/path-exists-5.0.0.tgz",
      "integrity": "sha512-RjhtfwJOxzcFmNOi6ltcbcu4Iu+FL3zEj83dk4kAS+fVpTxXLO1b38RvJgT/0QwvV/L3aY9TAnyv0EOqW4GoMQ==",
      "engines": {
        "node": "^12.20.0 || ^14.13.1 || >=16.0.0"
      }
    }
  },
  "dependencies": {
    "move-file": {
      "version": "3.0.0",
      "resolved": "https://registry.npmjs.org/move-file/-/move-file-3.0.0.tgz",
      "integrity": "sha512-v6u4XjX3MFW6Jo1V/YfbhC7eiGSgvYPJ/NM+aGtTtB9/Y6IYj7YViaHu6dkgDsZFB7MbnAoSI5+Z26XZXnP0vg==",
      "requires": {
        "path-exists": "^5.0.0"
      }
    },
    "path-exists": {
      "version": "5.0.0",
      "resolved": "https://registry.npmjs.org/path-exists/-/path-exists-5.0.0.tgz",
      "integrity": "sha512-RjhtfwJOxzcFmNOi6ltcbcu4Iu+FL3zEj83dk4kAS+fVpTxXLO1b38RvJgT/0QwvV/L3aY9TAnyv0EOqW4GoMQ=="
    }
  }
}
